
Microsoft Visual Studio Solution File, Format Version 12.00
# Visual Studio Version 17
VisualStudioVersion = 17.5.002.0
MinimumVisualStudioVersion = 10.0.40219.1
Project("{9A19103F-16F7-4668-BE54-9A1E7A4F7556}") = "tests", "tests\tests.csproj", "{306D0F6E-3E74-4F08-B888-0D1EA31A4A79}"
EndProject
Project("{9A19103F-16F7-4668-BE54-9A1E7A4F7556}") = "consumer", "src\consumer.csproj", "{2B3F7070-3C38-4B13-A8F7-A09FFF6D4299}"
EndProject
Global
	GlobalSection(SolutionConfigurationPlatforms) = preSolution
		Debug|Any CPU = Debug|Any CPU
		Release|Any CPU = Release|Any CPU
	EndGlobalSection
	GlobalSection(ProjectConfigurationPlatforms) = postSolution
		{306D0F6E-3E74-4F08-B888-0D1EA31A4A79}.Debug|Any CPU.ActiveCfg = Debug|Any CPU
		{306D0F6E-3E74-4F08-B888-0D1EA31A4A79}.Debug|Any CPU.Build.0 = Debug|Any CPU
		{306D0F6E-3E74-4F08-B888-0D1EA31A4A79}.Release|Any CPU.ActiveCfg = Release|Any CPU
		{306D0F6E-3E74-4F08-B888-0D1EA31A4A79}.Release|Any CPU.Build.0 = Release|Any CPU
		{2B3F7070-3C38-4B13-A8F7-A09FFF6D4299}.Debug|Any CPU.ActiveCfg = Debug|Any CPU
		{2B3F7070-3C38-4B13-A8F7-A09FFF6D4299}.Debug|Any CPU.Build.0 = Debug|Any CPU
		{2B3F7070-3C38-4B13-A8F7-A09FFF6D4299}.Release|Any CPU.ActiveCfg = Release|Any CPU
		{2B3F7070-3C38-4B13-A8F7-A09FFF6D4299}.Release|Any CPU.Build.0 = Release|Any CPU
	EndGlobalSection
	GlobalSection(SolutionProperties) = preSolution
		HideSolutionNode = FALSE
	EndGlobalSection
	GlobalSection(ExtensibilityGlobals) = postSolution
		SolutionGuid = {3BD4D93A-EFC4-4ED1-B541-9D6E57B626E8}
	EndGlobalSection
EndGlobal
