
Microsoft Visual Studio Solution File, Format Version 12.00
# Visual Studio Version 17
VisualStudioVersion = 17.6.33723.286
MinimumVisualStudioVersion = 10.0.40219.1
Project("{9A19103F-16F7-4668-BE54-9A1E7A4F7556}") = "consumer", "consumer.csproj", "{A64E0386-97D8-4B9E-BD19-CB418B169F30}"
EndProject
Global
	GlobalSection(SolutionConfigurationPlatforms) = preSolution
		Debug|Any CPU = Debug|Any CPU
		Release|Any CPU = Release|Any CPU
	EndGlobalSection
	GlobalSection(ProjectConfigurationPlatforms) = postSolution
		{A64E0386-97D8-4B9E-BD19-CB418B169F30}.Debug|Any CPU.ActiveCfg = Debug|Any CPU
		{A64E0386-97D8-4B9E-BD19-CB418B169F30}.Debug|Any CPU.Build.0 = Debug|Any CPU
		{A64E0386-97D8-4B9E-BD19-CB418B169F30}.Release|Any CPU.ActiveCfg = Release|Any CPU
		{A64E0386-97D8-4B9E-BD19-CB418B169F30}.Release|Any CPU.Build.0 = Release|Any CPU
	EndGlobalSection
	GlobalSection(SolutionProperties) = preSolution
		HideSolutionNode = FALSE
	EndGlobalSection
	GlobalSection(ExtensibilityGlobals) = postSolution
		SolutionGuid = {E3C527A0-6339-44AB-852C-A1B68E94BC4E}
	EndGlobalSection
EndGlobal
